{
  "version": 4,
  "terraform_version": "1.10.1",
  "serial": 43,
  "lineage": "dbd4a3d5-4860-0e0e-9e0b-87a377c8aaf7",
  "outputs": {
    "mgmt_vm_ip": {
      "value": "",
      "type": "string"
    }
  },
  "resources": [
    {
      "mode": "data",
      "type": "harvester_image",
      "name": "img",
      "provider": "provider[\"registry.terraform.io/harvester/harvester\"]",
      "instances": [
        {
          "schema_version": 0,
          "attributes": {
            "description": "",
            "display_name": "almalinux-9.4-20240805",
            "id": "harvester-public/image-bp52g",
            "message": "",
            "name": "image-bp52g",
            "namespace": "harvester-public",
            "progress": 100,
            "pvc_name": "",
            "pvc_namespace": "",
            "size": 591724544,
            "source_type": "download",
            "state": "Active",
            "storage_class_name": "harvester-longhorn",
            "storage_class_parameters": {
              "migratable": "true",
              "numberOfReplicas": "3",
              "staleReplicaTimeout": "30"
            },
            "tags": {},
            "url": "https://repo.almalinux.org/almalinux/9/cloud/x86_64/images/AlmaLinux-9-GenericCloud-9.4-20240805.x86_64.qcow2",
            "volume_storage_class_name": "longhorn-image-bp52g"
          },
          "sensitive_attributes": []
        }
      ]
    },
    {
      "mode": "managed",
      "type": "harvester_virtualmachine",
      "name": "mgmt",
      "provider": "provider[\"registry.terraform.io/harvester/harvester\"]",
      "instances": [
        {
          "schema_version": 0,
          "attributes": {
            "cloudinit": [
              {
                "network_data": "",
                "network_data_base64": "",
                "network_data_secret_name": "",
                "type": "noCloud",
                "user_data": "#cloud-config\nusers:\n  - name: almalinux\n    home: /home/almalinux\n    shell: /bin/bash\n    groups: sudo\n    ssh_authorized_keys:\n      - ssh-rsa AAAAB3NzaC1yc2EAAAADAQABAAACAQDEGYMIHQdWQv/nwFf7zN2Pue60T+Outmr202vz3/DPAA+ufAWfo9FRw4r4dR44jFZpqmwIm2GCIH/JmB9/ETJsYgOJLBhxC+1Dea75jsQh7deYIcyfJQKJpnb0S5FJbg2+6H3jfGLj/MvoU/tVVqz2lNOmpApSj7B0Npo/qkea/3kzXhFz8Bhu4K1Glr0bh1d4YYLQ20SrSpFR+uGcwkKuOBMX12T25tNPADQ+Wi/nVK7jD9124oqcpgCGLDHWpSULX/AYCxCqMQOih3Kb2B6x7OPnCxXPpQugAOJ7zclfdRVpVN07RAPJKjMpVeQ+87EEH5ZFWpuOortUrrGE8xac+OsDOzQzmNCkchcq6rhs3YuPb/U86a6RswimkOGl/J2wT4Dd9npnCtkNyhFKc1Ucr+z63qQ/Pc0binfmgQ9XpX6A0FdMHs0d2XQzgKMjtDVfEEfclVO9ieGUMziDDdNzSce9xeAKWFyXZGXX3kBvmYDJOcs0HRjggUQXhmrHmbff6hkCd8qn2yoTIHtBgSH8VCR0tbT8UEyJFmqrBRt5qdDk4ITiPomdxOcEmdG9ivPtcDgcvP5RMNwUSBbEMWPGn7SHv36Glzm0t4Z4PPZouLr8pnrBzR9xUrd/5soyul0XkkcRGeA9Nj5ChtSsTMZbK26sk3UQjwNCm3+arAouSw== abdullah.alotaishan@kcl.ac.uk\n\n      - ssh-ed25519 AAAAC3NzaC1lZDI1NTE5AAAAIMd6wccFYaxf5Mn/Hk5MyRQvugd+FJuWJnvLt8wecr7S dbuchan@ML-RJKH0G50C0.local\n\n      - ssh-ed25519 AAAAC3NzaC1lZDI1NTE5AAAAIJZy0cQLKKBN9QM4p0PcsEYapyzzk4LqNqclNO3luWAy\n\n\nruncmd:\n  - yum install -y epel-release\n  - yum install -y ansible git\n  - git clone https://github.com/Alotaishanab/DataPipeline.git /home/almalinux/DataPipeline\n",
                "user_data_base64": "",
                "user_data_secret_name": ""
              }
            ],
            "cpu": 2,
            "description": "Management Node",
            "disk": [
              {
                "access_mode": "ReadWriteMany",
                "auto_delete": true,
                "boot_order": 1,
                "bus": "virtio",
                "container_image_name": "",
                "existing_volume_name": "",
                "hot_plug": false,
                "image": "harvester-public/image-bp52g",
                "name": "rootdisk",
                "size": "10Gi",
                "storage_class_name": "longhorn-image-bp52g",
                "type": "disk",
                "volume_mode": "Block",
                "volume_name": "ucabbaa-ucl-ac-uk-mgmt-a473c46f-rootdisk-2nbt6"
              }
            ],
            "efi": true,
            "hostname": "ucabbaa-ucl-ac-uk-mgmt-a473c46f",
            "id": "ucabbaa-comp0235-ns/ucabbaa-ucl-ac-uk-mgmt-a473c46f",
            "input": [],
            "machine_type": "q35",
            "memory": "4Gi",
            "message": null,
            "name": "ucabbaa-ucl-ac-uk-mgmt-a473c46f",
            "namespace": "ucabbaa-comp0235-ns",
            "network_interface": [
              {
                "interface_name": "",
                "ip_address": "",
                "mac_address": "36:a1:f3:05:a6:48",
                "model": "virtio",
                "name": "nic-1",
                "network_name": "ucabbaa-comp0235-ns/ds4eng",
                "type": "bridge",
                "wait_for_lease": true
              }
            ],
            "node_name": "harvester-ml4pv",
            "reserved_memory": "100Mi",
            "restart_after_update": true,
            "run_strategy": "RerunOnFailure",
            "secure_boot": false,
            "ssh_keys": [],
            "start": null,
            "state": "Stopping",
            "tags": {
              "condenser_ingress_grafana_hostname": "ucabbaa-grafana",
              "condenser_ingress_grafana_port": "3000",
              "condenser_ingress_hadoop_hostname": "ucabbaa-hadoop",
              "condenser_ingress_hadoop_port": "9870",
              "condenser_ingress_isAllowed": "true",
              "condenser_ingress_isEnabled": "true",
              "condenser_ingress_nodeexporter_hostname": "ucabbaa-nodeexporter",
              "condenser_ingress_nodeexporter_port": "9100",
              "condenser_ingress_prometheus_hostname": "ucabbaa-prometheus",
              "condenser_ingress_prometheus_port": "9090",
              "condenser_ingress_webserver_hostname": "ucabbaa-webserver",
              "condenser_ingress_yarn_hostname": "ucabbaa-yarn",
              "condenser_ingress_yarn_port": "8088"
            },
            "timeouts": {
              "create": "5m",
              "default": null,
              "delete": null,
              "read": null,
              "update": null
            },
            "tpm": []
          },
          "sensitive_attributes": [],
          "private": "eyJlMmJmYjczMC1lY2FhLTExZTYtOGY4OC0zNDM2M2JjN2M0YzAiOnsiY3JlYXRlIjozMDAwMDAwMDAwMDAsImRlZmF1bHQiOjEyMDAwMDAwMDAwMCwiZGVsZXRlIjozMDAwMDAwMDAwMDAsInJlYWQiOjEyMDAwMDAwMDAwMCwidXBkYXRlIjoxMjAwMDAwMDAwMDB9fQ==",
          "dependencies": [
            "data.harvester_image.img",
            "random_id.secret",
            "tls_private_key.ansible_v1"
          ]
        }
      ]
    },
    {
      "mode": "managed",
      "type": "local_file",
      "name": "ansible_v1_private",
      "provider": "provider[\"registry.terraform.io/hashicorp/local\"]",
      "instances": [
        {
          "schema_version": 0,
          "attributes": {
            "content": "-----BEGIN OPENSSH PRIVATE KEY-----\nb3BlbnNzaC1rZXktdjEAAAAABG5vbmUAAAAEbm9uZQAAAAAAAAABAAAAMwAAAAtz\nc2gtZWQyNTUxOQAAACCWctHECyigTfUDOKdD3LBGGqcs85OC6janJTTt5blgMgAA\nAIhmGdt0ZhnbdAAAAAtzc2gtZWQyNTUxOQAAACCWctHECyigTfUDOKdD3LBGGqcs\n85OC6janJTTt5blgMgAAAED3tFft2VOuvdZNJNHqLbD0kdb0oOcR7kafmNYjEHRM\nKJZy0cQLKKBN9QM4p0PcsEYapyzzk4LqNqclNO3luWAyAAAAAAECAwQF\n-----END OPENSSH PRIVATE KEY-----\n",
            "content_base64": null,
            "content_base64sha256": "1BnaGerOeNX6kvSQGWFekDzqJqO3n43xOfYVldbMFHY=",
            "content_base64sha512": "e/MM7sUdzROETKHbYBcV52e2eZaz12F1oWuPijkMblhe0t3+s5fDKP1lt+gI56jjViB1V2H15YWX5/ZZt8Tq4g==",
            "content_md5": "940b67cac9bf77a87a5866fca7d263d8",
            "content_sha1": "6457fb7671eb20e5f533c19b3ff5bbd8fd2d500f",
            "content_sha256": "d419da19eace78d5fa92f49019615e903cea26a3b79f8df139f61595d6cc1476",
            "content_sha512": "7bf30ceec51dcd13844ca1db601715e767b67996b3d76175a16b8f8a390c6e585ed2ddfeb397c328fd65b7e808e7a8e35620755761f5e58597e7f659b7c4eae2",
            "directory_permission": "0700",
            "file_permission": "0600",
            "filename": "/Users/abdullah/.ssh/ansible_v1",
            "id": "6457fb7671eb20e5f533c19b3ff5bbd8fd2d500f",
            "sensitive_content": null,
            "source": null
          },
          "sensitive_attributes": [
            [
              {
                "type": "get_attr",
                "value": "sensitive_content"
              }
            ],
            [
              {
                "type": "get_attr",
                "value": "content"
              }
            ]
          ],
          "dependencies": [
            "tls_private_key.ansible_v1"
          ]
        }
      ]
    },
    {
      "mode": "managed",
      "type": "random_id",
      "name": "secret",
      "provider": "provider[\"registry.terraform.io/hashicorp/random\"]",
      "instances": [
        {
          "schema_version": 0,
          "attributes": {
            "b64_std": "pHPEbw==",
            "b64_url": "pHPEbw",
            "byte_length": 4,
            "dec": "2759050351",
            "hex": "a473c46f",
            "id": "pHPEbw",
            "keepers": null,
            "prefix": null
          },
          "sensitive_attributes": []
        }
      ]
    },
    {
      "mode": "managed",
      "type": "tls_private_key",
      "name": "ansible_v1",
      "provider": "provider[\"registry.terraform.io/hashicorp/tls\"]",
      "instances": [
        {
          "schema_version": 1,
          "attributes": {
            "algorithm": "ED25519",
            "ecdsa_curve": "P224",
            "id": "e555846af179f4c92cca231ea2fafd6ed51e44e8",
            "private_key_openssh": "-----BEGIN OPENSSH PRIVATE KEY-----\nb3BlbnNzaC1rZXktdjEAAAAABG5vbmUAAAAEbm9uZQAAAAAAAAABAAAAMwAAAAtz\nc2gtZWQyNTUxOQAAACCWctHECyigTfUDOKdD3LBGGqcs85OC6janJTTt5blgMgAA\nAIhmGdt0ZhnbdAAAAAtzc2gtZWQyNTUxOQAAACCWctHECyigTfUDOKdD3LBGGqcs\n85OC6janJTTt5blgMgAAAED3tFft2VOuvdZNJNHqLbD0kdb0oOcR7kafmNYjEHRM\nKJZy0cQLKKBN9QM4p0PcsEYapyzzk4LqNqclNO3luWAyAAAAAAECAwQF\n-----END OPENSSH PRIVATE KEY-----\n",
            "private_key_pem": "-----BEGIN PRIVATE KEY-----\nMC4CAQAwBQYDK2VwBCIEIPe0V+3ZU6691k0k0eotsPSR1vSg5xHuRp+Y1iMQdEwo\n-----END PRIVATE KEY-----\n",
            "private_key_pem_pkcs8": "-----BEGIN PRIVATE KEY-----\nMC4CAQAwBQYDK2VwBCIEIPe0V+3ZU6691k0k0eotsPSR1vSg5xHuRp+Y1iMQdEwo\n-----END PRIVATE KEY-----\n",
            "public_key_fingerprint_md5": "d7:05:69:43:f3:75:f9:24:93:92:90:dc:75:2e:b8:a5",
            "public_key_fingerprint_sha256": "SHA256:8Prm8TPMuTrm5/rEww4C6lgm1bk0TH7hofPJY36e6sI",
            "public_key_openssh": "ssh-ed25519 AAAAC3NzaC1lZDI1NTE5AAAAIJZy0cQLKKBN9QM4p0PcsEYapyzzk4LqNqclNO3luWAy\n",
            "public_key_pem": "-----BEGIN PUBLIC KEY-----\nMCowBQYDK2VwAyEAlnLRxAsooE31AzinQ9ywRhqnLPOTguo2pyU07eW5YDI=\n-----END PUBLIC KEY-----\n",
            "rsa_bits": 2048
          },
          "sensitive_attributes": [
            [
              {
                "type": "get_attr",
                "value": "private_key_pem_pkcs8"
              }
            ],
            [
              {
                "type": "get_attr",
                "value": "private_key_pem"
              }
            ],
            [
              {
                "type": "get_attr",
                "value": "private_key_openssh"
              }
            ]
          ]
        }
      ]
    }
  ],
  "check_results": null
}
