{
  "version": 4,
  "terraform_version": "1.10.1",
  "serial": 10,
  "lineage": "69365129-543b-720d-4fff-69063aa1df2c",
  "outputs": {
    "mgmt_vm_ip": {
      "value": "10.134.12.46",
      "type": "string"
    }
  },
  "resources": [
    {
      "mode": "data",
      "type": "harvester_image",
      "name": "img",
      "provider": "provider[\"registry.terraform.io/harvester/harvester\"]",
      "instances": [
        {
          "schema_version": 0,
          "attributes": {
            "description": "",
            "display_name": "almalinux-9.4-20240805",
            "id": "harvester-public/image-bp52g",
            "message": "",
            "name": "image-bp52g",
            "namespace": "harvester-public",
            "progress": 100,
            "pvc_name": "",
            "pvc_namespace": "",
            "size": 591724544,
            "source_type": "download",
            "state": "Active",
            "storage_class_name": "harvester-longhorn",
            "storage_class_parameters": {
              "migratable": "true",
              "numberOfReplicas": "3",
              "staleReplicaTimeout": "30"
            },
            "tags": {},
            "url": "https://repo.almalinux.org/almalinux/9/cloud/x86_64/images/AlmaLinux-9-GenericCloud-9.4-20240805.x86_64.qcow2",
            "volume_storage_class_name": "longhorn-image-bp52g"
          },
          "sensitive_attributes": []
        }
      ]
    },
    {
      "mode": "managed",
      "type": "harvester_virtualmachine",
      "name": "mgmt",
      "provider": "provider[\"registry.terraform.io/harvester/harvester\"]",
      "instances": [
        {
          "schema_version": 0,
          "attributes": {
            "cloudinit": [
              {
                "network_data": "",
                "network_data_base64": "",
                "network_data_secret_name": "",
                "type": "noCloud",
                "user_data": "#host-cloud-config.yaml\n#cloud-config\nusers:\n  - name: almalinux\n    home: /home/almalinux\n    shell: /bin/bash\n    groups: sudo\n    ssh_authorized_keys:\n      - ssh-rsa AAAAB3NzaC1yc2EAAAADAQABAAACAQDEGYMIHQdWQv/nwFf7zN2Pue60T+Outmr202vz3/DPAA+ufAWfo9FRw4r4dR44jFZpqmwIm2GCIH/JmB9/ETJsYgOJLBhxC+1Dea75jsQh7deYIcyfJQKJpnb0S5FJbg2+6H3jfGLj/MvoU/tVVqz2lNOmpApSj7B0Npo/qkea/3kzXhFz8Bhu4K1Glr0bh1d4YYLQ20SrSpFR+uGcwkKuOBMX12T25tNPADQ+Wi/nVK7jD9124oqcpgCGLDHWpSULX/AYCxCqMQOih3Kb2B6x7OPnCxXPpQugAOJ7zclfdRVpVN07RAPJKjMpVeQ+87EEH5ZFWpuOortUrrGE8xac+OsDOzQzmNCkchcq6rhs3YuPb/U86a6RswimkOGl/J2wT4Dd9npnCtkNyhFKc1Ucr+z63qQ/Pc0binfmgQ9XpX6A0FdMHs0d2XQzgKMjtDVfEEfclVO9ieGUMziDDdNzSce9xeAKWFyXZGXX3kBvmYDJOcs0HRjggUQXhmrHmbff6hkCd8qn2yoTIHtBgSH8VCR0tbT8UEyJFmqrBRt5qdDk4ITiPomdxOcEmdG9ivPtcDgcvP5RMNwUSBbEMWPGn7SHv36Glzm0t4Z4PPZouLr8pnrBzR9xUrd/5soyul0XkkcRGeA9Nj5ChtSsTMZbK26sk3UQjwNCm3+arAouSw== abdullah.alotaishan@kcl.ac.uk\n\n      - ssh-ed25519 AAAAC3NzaC1lZDI1NTE5AAAAIMd6wccFYaxf5Mn/Hk5MyRQvugd+FJuWJnvLt8wecr7S dbuchan@ML-RJKH0G50C0.local\n\n      - ssh-ed25519 AAAAC3NzaC1lZDI1NTE5AAAAIH+FrbrBtPualAT6YHrtPAXYtei0JCf21ULXTzqr9Q4C\n\n\nruncmd:\n  - yum install -y epel-release\n  - yum install -y ansible git\n  - git clone https://github.com/Alotaishanab/DataPipeline.git /home/almalinux/DataPipeline\n",
                "user_data_base64": "",
                "user_data_secret_name": ""
              }
            ],
            "cpu": 2,
            "description": "Management Node",
            "disk": [
              {
                "access_mode": "ReadWriteMany",
                "auto_delete": true,
                "boot_order": 1,
                "bus": "virtio",
                "container_image_name": "",
                "existing_volume_name": "",
                "hot_plug": false,
                "image": "harvester-public/image-bp52g",
                "name": "rootdisk",
                "size": "10Gi",
                "storage_class_name": "longhorn-image-bp52g",
                "type": "disk",
                "volume_mode": "Block",
                "volume_name": "ucabbaa-ucl-ac-uk-mgmt-6da5d668-rootdisk-d8n4n"
              }
            ],
            "efi": true,
            "hostname": "ucabbaa-ucl-ac-uk-mgmt-6da5d668",
            "id": "ucabbaa-comp0235-ns/ucabbaa-ucl-ac-uk-mgmt-6da5d668",
            "input": [],
            "machine_type": "q35",
            "memory": "4Gi",
            "message": null,
            "name": "ucabbaa-ucl-ac-uk-mgmt-6da5d668",
            "namespace": "ucabbaa-comp0235-ns",
            "network_interface": [
              {
                "interface_name": "eth0",
                "ip_address": "10.134.12.46",
                "mac_address": "f6:f7:d1:f4:bd:7b",
                "model": "virtio",
                "name": "nic-1",
                "network_name": "ucabbaa-comp0235-ns/ds4eng",
                "type": "bridge",
                "wait_for_lease": true
              }
            ],
            "node_name": "harvester-6gxnk",
            "reserved_memory": "100Mi",
            "restart_after_update": true,
            "run_strategy": "RerunOnFailure",
            "secure_boot": false,
            "ssh_keys": null,
            "start": null,
            "state": "Ready",
            "tags": {
              "datapipeline_ingress_grafana_hostname": "ucabbaa-ucl-ac-uk-dp-gr",
              "datapipeline_ingress_grafana_port": "3000",
              "datapipeline_ingress_isAllowed": "true",
              "datapipeline_ingress_isEnabled": "true",
              "datapipeline_ingress_nodeexporter_hostname": "ucabbaa-ucl-ac-uk-dp-no",
              "datapipeline_ingress_nodeexporter_port": "9100",
              "datapipeline_ingress_prometheus_hostname": "ucabbaa-ucl-ac-uk-dp-pr",
              "datapipeline_ingress_prometheus_port": "9090",
              "datapipeline_ingress_webserver_hostname": "ucabbaa-ucl-ac-uk-dp-we"
            },
            "timeouts": {
              "create": "5m",
              "default": null,
              "delete": null,
              "read": null,
              "update": null
            },
            "tpm": []
          },
          "sensitive_attributes": [],
          "private": "eyJlMmJmYjczMC1lY2FhLTExZTYtOGY4OC0zNDM2M2JjN2M0YzAiOnsiY3JlYXRlIjozMDAwMDAwMDAwMDAsImRlZmF1bHQiOjEyMDAwMDAwMDAwMCwiZGVsZXRlIjozMDAwMDAwMDAwMDAsInJlYWQiOjEyMDAwMDAwMDAwMCwidXBkYXRlIjoxMjAwMDAwMDAwMDB9fQ==",
          "dependencies": [
            "data.harvester_image.img",
            "random_id.secret",
            "tls_private_key.ansible_v1"
          ]
        }
      ]
    },
    {
      "mode": "managed",
      "type": "local_file",
      "name": "ansible_v1_private",
      "provider": "provider[\"registry.terraform.io/hashicorp/local\"]",
      "instances": [
        {
          "schema_version": 0,
          "attributes": {
            "content": "-----BEGIN OPENSSH PRIVATE KEY-----\nb3BlbnNzaC1rZXktdjEAAAAABG5vbmUAAAAEbm9uZQAAAAAAAAABAAAAMwAAAAtz\nc2gtZWQyNTUxOQAAACB/ha26wbT7mpQE+mB67TwF2LXotCQn9tVC1086q/UOAgAA\nAIjDUkBcw1JAXAAAAAtzc2gtZWQyNTUxOQAAACB/ha26wbT7mpQE+mB67TwF2LXo\ntCQn9tVC1086q/UOAgAAAEBAQZHbM4jEEr3dVRcmWKkr+0IVTvd0TbJQs786K5GM\n8n+FrbrBtPualAT6YHrtPAXYtei0JCf21ULXTzqr9Q4CAAAAAAECAwQF\n-----END OPENSSH PRIVATE KEY-----\n",
            "content_base64": null,
            "content_base64sha256": "N7AuXd5FyM2BOCHbrRjWFdgdI8Leck1KItTkuZRDAR0=",
            "content_base64sha512": "n+1s/vP5MwyuxzkHyrBpHzFq6/G4paUKWm0C3X6Rm9mknQtiQg6icBy4WCBS/i/3h2gjwxt1ECICintWzd5UGQ==",
            "content_md5": "8ce20803c8c708ecae3f81eef6e58875",
            "content_sha1": "b2931f587d05c478a506d12893e27cdd1b0514bd",
            "content_sha256": "37b02e5dde45c8cd813821dbad18d615d81d23c2de724d4a22d4e4b99443011d",
            "content_sha512": "9fed6cfef3f9330caec73907cab0691f316aebf1b8a5a50a5a6d02dd7e919bd9a49d0b62420ea2701cb8582052fe2ff7876823c31b751022028a7b56cdde5419",
            "directory_permission": "0700",
            "file_permission": "0600",
            "filename": "/Users/abdullah/.ssh/ansible_v1",
            "id": "b2931f587d05c478a506d12893e27cdd1b0514bd",
            "sensitive_content": null,
            "source": null
          },
          "sensitive_attributes": [
            [
              {
                "type": "get_attr",
                "value": "content"
              }
            ],
            [
              {
                "type": "get_attr",
                "value": "sensitive_content"
              }
            ]
          ],
          "dependencies": [
            "tls_private_key.ansible_v1"
          ]
        }
      ]
    },
    {
      "mode": "managed",
      "type": "random_id",
      "name": "secret",
      "provider": "provider[\"registry.terraform.io/hashicorp/random\"]",
      "instances": [
        {
          "schema_version": 0,
          "attributes": {
            "b64_std": "baXWaA==",
            "b64_url": "baXWaA",
            "byte_length": 4,
            "dec": "1839584872",
            "hex": "6da5d668",
            "id": "baXWaA",
            "keepers": null,
            "prefix": null
          },
          "sensitive_attributes": []
        }
      ]
    },
    {
      "mode": "managed",
      "type": "tls_private_key",
      "name": "ansible_v1",
      "provider": "provider[\"registry.terraform.io/hashicorp/tls\"]",
      "instances": [
        {
          "schema_version": 1,
          "attributes": {
            "algorithm": "ED25519",
            "ecdsa_curve": "P224",
            "id": "fca20442f5e4adc53a2b52213f17fed122b81499",
            "private_key_openssh": "-----BEGIN OPENSSH PRIVATE KEY-----\nb3BlbnNzaC1rZXktdjEAAAAABG5vbmUAAAAEbm9uZQAAAAAAAAABAAAAMwAAAAtz\nc2gtZWQyNTUxOQAAACB/ha26wbT7mpQE+mB67TwF2LXotCQn9tVC1086q/UOAgAA\nAIjDUkBcw1JAXAAAAAtzc2gtZWQyNTUxOQAAACB/ha26wbT7mpQE+mB67TwF2LXo\ntCQn9tVC1086q/UOAgAAAEBAQZHbM4jEEr3dVRcmWKkr+0IVTvd0TbJQs786K5GM\n8n+FrbrBtPualAT6YHrtPAXYtei0JCf21ULXTzqr9Q4CAAAAAAECAwQF\n-----END OPENSSH PRIVATE KEY-----\n",
            "private_key_pem": "-----BEGIN PRIVATE KEY-----\nMC4CAQAwBQYDK2VwBCIEIEBBkdsziMQSvd1VFyZYqSv7QhVO93RNslCzvzorkYzy\n-----END PRIVATE KEY-----\n",
            "private_key_pem_pkcs8": "-----BEGIN PRIVATE KEY-----\nMC4CAQAwBQYDK2VwBCIEIEBBkdsziMQSvd1VFyZYqSv7QhVO93RNslCzvzorkYzy\n-----END PRIVATE KEY-----\n",
            "public_key_fingerprint_md5": "8d:39:c4:2b:da:02:2f:53:d8:73:27:31:84:fc:7c:49",
            "public_key_fingerprint_sha256": "SHA256:r1ekxIL8uJWoqCxrelrzJZQgBdTCFRds3QAUMUkcdFw",
            "public_key_openssh": "ssh-ed25519 AAAAC3NzaC1lZDI1NTE5AAAAIH+FrbrBtPualAT6YHrtPAXYtei0JCf21ULXTzqr9Q4C\n",
            "public_key_pem": "-----BEGIN PUBLIC KEY-----\nMCowBQYDK2VwAyEAf4WtusG0+5qUBPpgeu08Bdi16LQkJ/bVQtdPOqv1DgI=\n-----END PUBLIC KEY-----\n",
            "rsa_bits": 2048
          },
          "sensitive_attributes": [
            [
              {
                "type": "get_attr",
                "value": "private_key_pem"
              }
            ],
            [
              {
                "type": "get_attr",
                "value": "private_key_openssh"
              }
            ],
            [
              {
                "type": "get_attr",
                "value": "private_key_pem_pkcs8"
              }
            ]
          ]
        }
      ]
    }
  ],
  "check_results": null
}
